
Microsoft Visual Studio Solution File, Format Version 12.00
# Visual Studio Version 17
VisualStudioVersion = 17.10.35122.118
MinimumVisualStudioVersion = 10.0.40219.1
Project("{FAE04EC0-301F-11D3-BF4B-00C04F79EFBC}") = "exercicio3.poo", "exercicio3.poo.csproj", "{C6D330CE-6B65-4760-A9A2-E8E785725A4E}"
EndProject
Global
	GlobalSection(SolutionConfigurationPlatforms) = preSolution
		Debug|Any CPU = Debug|Any CPU
		Release|Any CPU = Release|Any CPU
	EndGlobalSection
	GlobalSection(ProjectConfigurationPlatforms) = postSolution
		{C6D330CE-6B65-4760-A9A2-E8E785725A4E}.Debug|Any CPU.ActiveCfg = Debug|Any CPU
		{C6D330CE-6B65-4760-A9A2-E8E785725A4E}.Debug|Any CPU.Build.0 = Debug|Any CPU
		{C6D330CE-6B65-4760-A9A2-E8E785725A4E}.Release|Any CPU.ActiveCfg = Release|Any CPU
		{C6D330CE-6B65-4760-A9A2-E8E785725A4E}.Release|Any CPU.Build.0 = Release|Any CPU
	EndGlobalSection
	GlobalSection(SolutionProperties) = preSolution
		HideSolutionNode = FALSE
	EndGlobalSection
	GlobalSection(ExtensibilityGlobals) = postSolution
		SolutionGuid = {106F3246-66FA-4FBE-807D-028D3AA005E0}
	EndGlobalSection
EndGlobal
